{
    "_readme": [
        "This file locks the dependencies of your project to a known state",
        "Read more about it at https://getcomposer.org/doc/01-basic-usage.md#installing-dependencies",
        "This file is @generated automatically"
    ],
    "content-hash": "90e218f348961df632620859f81b3bdf",
    "packages": [],
    "packages-dev": [
        {
            "name": "subiabre/appgati",
            "version": "v2.0",
            "source": {
                "type": "git",
                "url": "https://github.com/subiabre/appgati.git",
                "reference": "5b0fe00547aeaaa53cb51f7d64d8631c14ddfeab"
            },
            "dist": {
                "type": "zip",
                "url": "https://api.github.com/repos/subiabre/appgati/zipball/5b0fe00547aeaaa53cb51f7d64d8631c14ddfeab",
                "reference": "5b0fe00547aeaaa53cb51f7d64d8631c14ddfeab",
                "shasum": ""
            },
            "require-dev": {
                "phpunit/phpunit": "^9.2"
            },
            "type": "library",
            "autoload": {
                "psr-4": {
                    "": "src/"
                }
            },
            "notification-url": "https://packagist.org/downloads/",
            "license": [
                "MIT"
            ],
            "authors": [
                {
                    "name": "Facu",
                    "email": "subiabrewd@gmail.com"
                }
            ],
            "description": "Package to gauge PHP app's performance. Based on original appgati.",
            "support": {
                "source": "https://github.com/subiabre/appgati/tree/v2.0"
            },
            "time": "2020-08-22T05:21:48+00:00"
        }
    ],
    "aliases": [],
    "minimum-stability": "stable",
    "stability-flags": [],
    "prefer-stable": false,
    "prefer-lowest": false,
    "platform": [],
    "platform-dev": [],
    "plugin-api-version": "2.3.0"
}
